
Microsoft Visual Studio Solution File, Format Version 12.00
# Visual Studio Version 17
VisualStudioVersion = 17.8.34525.116
MinimumVisualStudioVersion = 10.0.40219.1
Project("{888888A0-9F3D-457C-B088-3A5042F75D52}") = "DynamicProgramming", "DynamicProgramming\DynamicProgramming.pyproj", "{EC97FB72-2948-4F0F-9D06-A50C9AB14466}"
EndProject
Global
	GlobalSection(SolutionConfigurationPlatforms) = preSolution
		Debug|Any CPU = Debug|Any CPU
		Release|Any CPU = Release|Any CPU
	EndGlobalSection
	GlobalSection(ProjectConfigurationPlatforms) = postSolution
		{EC97FB72-2948-4F0F-9D06-A50C9AB14466}.Debug|Any CPU.ActiveCfg = Debug|Any CPU
		{EC97FB72-2948-4F0F-9D06-A50C9AB14466}.Release|Any CPU.ActiveCfg = Release|Any CPU
	EndGlobalSection
	GlobalSection(SolutionProperties) = preSolution
		HideSolutionNode = FALSE
	EndGlobalSection
	GlobalSection(ExtensibilityGlobals) = postSolution
		SolutionGuid = {54CE9041-2193-4168-A31B-58210779B50C}
	EndGlobalSection
EndGlobal
